
Microsoft Visual Studio Solution File, Format Version 12.00
# Visual Studio Version 17
VisualStudioVersion = 17.12.35506.116 d17.12
MinimumVisualStudioVersion = 10.0.40219.1
Project("{FAE04EC0-301F-11D3-BF4B-00C04F79EFBC}") = "CargoManager.API", "CargoManager.API\CargoManager.API.csproj", "{FF174405-8D1E-41D2-9E5C-0F2760575309}"
EndProject
Project("{FAE04EC0-301F-11D3-BF4B-00C04F79EFBC}") = "CargoManager.Application", "CargoManager.Application\CargoManager.Application.csproj", "{A1420A5E-73CE-42F0-848B-07F8F8C4FE3E}"
EndProject
Project("{FAE04EC0-301F-11D3-BF4B-00C04F79EFBC}") = "CargoManager.Core", "CargoManager.Core\CargoManager.Core.csproj", "{D266002C-F5FC-4F58-87FF-927C8BF491D2}"
EndProject
Project("{FAE04EC0-301F-11D3-BF4B-00C04F79EFBC}") = "CargoManager.Infrastructure", "CargoManager.Infrastructure\CargoManager.Infrastructure.csproj", "{C11668F2-0298-4FD6-96C1-2E885B515B61}"
EndProject
Project("{FAE04EC0-301F-11D3-BF4B-00C04F79EFBC}") = "CargoManager.Logging", "CargoManager.Logging\CargoManager.Logging.csproj", "{77204DE1-B6DC-40F4-9DFD-808E0937A191}"
EndProject
Project("{FAE04EC0-301F-11D3-BF4B-00C04F79EFBC}") = "CargoManager.Tests", "CargoManager.Tests\CargoManager.Tests.csproj", "{795E3404-BBEA-47CC-AD07-DE2063016C5E}"
EndProject
Project("{2150E333-8FDC-42A3-9474-1A3956D46DE8}") = "API", "API", "{2911A6C2-7414-45BE-861E-40536EF3C6BA}"
EndProject
Project("{2150E333-8FDC-42A3-9474-1A3956D46DE8}") = "Core", "Core", "{B510B7E0-E97E-45E4-AE19-FF486921CADE}"
EndProject
Project("{2150E333-8FDC-42A3-9474-1A3956D46DE8}") = "Application", "Application", "{5CDD4EA2-DBA7-4B80-AFD9-DE9DFC009E3E}"
EndProject
Project("{2150E333-8FDC-42A3-9474-1A3956D46DE8}") = "Infrastructure", "Infrastructure", "{6E3C2826-8E30-4D18-9F54-BB837AE63528}"
EndProject
Project("{2150E333-8FDC-42A3-9474-1A3956D46DE8}") = "Logging", "Logging", "{AC13135D-D31C-4656-9B9F-40AF71D9A945}"
EndProject
Project("{2150E333-8FDC-42A3-9474-1A3956D46DE8}") = "Tests", "Tests", "{1605FBC9-59F0-4912-9D91-1410082745E4}"
EndProject
Project("{2150E333-8FDC-42A3-9474-1A3956D46DE8}") = "src", "src", "{8ACF976E-E913-4629-A132-B7FAF4BA25E9}"
EndProject
Global
	GlobalSection(SolutionConfigurationPlatforms) = preSolution
		Debug|Any CPU = Debug|Any CPU
		Release|Any CPU = Release|Any CPU
	EndGlobalSection
	GlobalSection(ProjectConfigurationPlatforms) = postSolution
		{FF174405-8D1E-41D2-9E5C-0F2760575309}.Debug|Any CPU.ActiveCfg = Debug|Any CPU
		{FF174405-8D1E-41D2-9E5C-0F2760575309}.Debug|Any CPU.Build.0 = Debug|Any CPU
		{FF174405-8D1E-41D2-9E5C-0F2760575309}.Release|Any CPU.ActiveCfg = Release|Any CPU
		{FF174405-8D1E-41D2-9E5C-0F2760575309}.Release|Any CPU.Build.0 = Release|Any CPU
		{A1420A5E-73CE-42F0-848B-07F8F8C4FE3E}.Debug|Any CPU.ActiveCfg = Debug|Any CPU
		{A1420A5E-73CE-42F0-848B-07F8F8C4FE3E}.Debug|Any CPU.Build.0 = Debug|Any CPU
		{A1420A5E-73CE-42F0-848B-07F8F8C4FE3E}.Release|Any CPU.ActiveCfg = Release|Any CPU
		{A1420A5E-73CE-42F0-848B-07F8F8C4FE3E}.Release|Any CPU.Build.0 = Release|Any CPU
		{D266002C-F5FC-4F58-87FF-927C8BF491D2}.Debug|Any CPU.ActiveCfg = Debug|Any CPU
		{D266002C-F5FC-4F58-87FF-927C8BF491D2}.Debug|Any CPU.Build.0 = Debug|Any CPU
		{D266002C-F5FC-4F58-87FF-927C8BF491D2}.Release|Any CPU.ActiveCfg = Release|Any CPU
		{D266002C-F5FC-4F58-87FF-927C8BF491D2}.Release|Any CPU.Build.0 = Release|Any CPU
		{C11668F2-0298-4FD6-96C1-2E885B515B61}.Debug|Any CPU.ActiveCfg = Debug|Any CPU
		{C11668F2-0298-4FD6-96C1-2E885B515B61}.Debug|Any CPU.Build.0 = Debug|Any CPU
		{C11668F2-0298-4FD6-96C1-2E885B515B61}.Release|Any CPU.ActiveCfg = Release|Any CPU
		{C11668F2-0298-4FD6-96C1-2E885B515B61}.Release|Any CPU.Build.0 = Release|Any CPU
		{77204DE1-B6DC-40F4-9DFD-808E0937A191}.Debug|Any CPU.ActiveCfg = Debug|Any CPU
		{77204DE1-B6DC-40F4-9DFD-808E0937A191}.Debug|Any CPU.Build.0 = Debug|Any CPU
		{77204DE1-B6DC-40F4-9DFD-808E0937A191}.Release|Any CPU.ActiveCfg = Release|Any CPU
		{77204DE1-B6DC-40F4-9DFD-808E0937A191}.Release|Any CPU.Build.0 = Release|Any CPU
		{795E3404-BBEA-47CC-AD07-DE2063016C5E}.Debug|Any CPU.ActiveCfg = Debug|Any CPU
		{795E3404-BBEA-47CC-AD07-DE2063016C5E}.Debug|Any CPU.Build.0 = Debug|Any CPU
		{795E3404-BBEA-47CC-AD07-DE2063016C5E}.Release|Any CPU.ActiveCfg = Release|Any CPU
		{795E3404-BBEA-47CC-AD07-DE2063016C5E}.Release|Any CPU.Build.0 = Release|Any CPU
	EndGlobalSection
	GlobalSection(SolutionProperties) = preSolution
		HideSolutionNode = FALSE
	EndGlobalSection
	GlobalSection(NestedProjects) = preSolution
		{FF174405-8D1E-41D2-9E5C-0F2760575309} = {2911A6C2-7414-45BE-861E-40536EF3C6BA}
		{A1420A5E-73CE-42F0-848B-07F8F8C4FE3E} = {5CDD4EA2-DBA7-4B80-AFD9-DE9DFC009E3E}
		{D266002C-F5FC-4F58-87FF-927C8BF491D2} = {B510B7E0-E97E-45E4-AE19-FF486921CADE}
		{C11668F2-0298-4FD6-96C1-2E885B515B61} = {6E3C2826-8E30-4D18-9F54-BB837AE63528}
		{77204DE1-B6DC-40F4-9DFD-808E0937A191} = {AC13135D-D31C-4656-9B9F-40AF71D9A945}
		{795E3404-BBEA-47CC-AD07-DE2063016C5E} = {1605FBC9-59F0-4912-9D91-1410082745E4}
		{2911A6C2-7414-45BE-861E-40536EF3C6BA} = {8ACF976E-E913-4629-A132-B7FAF4BA25E9}
		{B510B7E0-E97E-45E4-AE19-FF486921CADE} = {8ACF976E-E913-4629-A132-B7FAF4BA25E9}
		{5CDD4EA2-DBA7-4B80-AFD9-DE9DFC009E3E} = {8ACF976E-E913-4629-A132-B7FAF4BA25E9}
		{6E3C2826-8E30-4D18-9F54-BB837AE63528} = {8ACF976E-E913-4629-A132-B7FAF4BA25E9}
		{AC13135D-D31C-4656-9B9F-40AF71D9A945} = {8ACF976E-E913-4629-A132-B7FAF4BA25E9}
		{1605FBC9-59F0-4912-9D91-1410082745E4} = {8ACF976E-E913-4629-A132-B7FAF4BA25E9}
	EndGlobalSection
EndGlobal
